// !$*UTF8*$!
{
	archiveVersion = 1;
	classes = {
	};
	objectVersion = 51;
	objects = {

/* Begin PBXBuildFile section */
		54EDB87585F78AF44209FD8B /* Pods_messagerTests.framework in Frameworks */ = {isa = PBXBuildFile; fileRef = B88E293CC77011C4B359C720 /* Pods_messagerTests.framework */; };
		75FCD429FFB6BEBD8C4AB43A /* Pods_messager_messagerUITests.framework in Frameworks */ = {isa = PBXBuildFile; fileRef = C49DC1C6BE9EC5BC5D022F99 /* Pods_messager_messagerUITests.framework */; };
		845393D67BDD3D8487C9B60F /* Pods_messager.framework in Frameworks */ = {isa = PBXBuildFile; fileRef = 34FC2A0F41D1302042277615 /* Pods_messager.framework */; };
		C001755D26429C2000C88DC7 /* GoogleService-Info.plist in Resources */ = {isa = PBXBuildFile; fileRef = C001755C26429C2000C88DC7 /* GoogleService-Info.plist */; };
		C07BC8CA26417962004A636B /* AppDelegate.swift in Sources */ = {isa = PBXBuildFile; fileRef = C07BC8C926417962004A636B /* AppDelegate.swift */; };
		C07BC8CC26417962004A636B /* SceneDelegate.swift in Sources */ = {isa = PBXBuildFile; fileRef = C07BC8CB26417962004A636B /* SceneDelegate.swift */; };
		C07BC8CE26417962004A636B /* LoginViewController.swift in Sources */ = {isa = PBXBuildFile; fileRef = C07BC8CD26417962004A636B /* LoginViewController.swift */; };
		C07BC8D126417962004A636B /* Main.storyboard in Resources */ = {isa = PBXBuildFile; fileRef = C07BC8CF26417962004A636B /* Main.storyboard */; };
		C07BC8D326417963004A636B /* Assets.xcassets in Resources */ = {isa = PBXBuildFile; fileRef = C07BC8D226417963004A636B /* Assets.xcassets */; };
		C07BC8D626417963004A636B /* LaunchScreen.storyboard in Resources */ = {isa = PBXBuildFile; fileRef = C07BC8D426417963004A636B /* LaunchScreen.storyboard */; };
		C07BC8E126417963004A636B /* messagerTests.swift in Sources */ = {isa = PBXBuildFile; fileRef = C07BC8E026417963004A636B /* messagerTests.swift */; };
		C07BC8EC26417963004A636B /* messagerUITests.swift in Sources */ = {isa = PBXBuildFile; fileRef = C07BC8EB26417963004A636B /* messagerUITests.swift */; };
/* End PBXBuildFile section */

/* Begin PBXContainerItemProxy section */
		C07BC8DD26417963004A636B /* PBXContainerItemProxy */ = {
			isa = PBXContainerItemProxy;
			containerPortal = C07BC8BE26417962004A636B /* Project object */;
			proxyType = 1;
			remoteGlobalIDString = C07BC8C526417962004A636B;
			remoteInfo = messager;
		};
		C07BC8E826417963004A636B /* PBXContainerItemProxy */ = {
			isa = PBXContainerItemProxy;
			containerPortal = C07BC8BE26417962004A636B /* Project object */;
			proxyType = 1;
			remoteGlobalIDString = C07BC8C526417962004A636B;
			remoteInfo = messager;
		};
/* End PBXContainerItemProxy section */

/* Begin PBXFileReference section */
		305AE7615C1E1C3577E361C2 /* Pods-messager-messagerUITests.release.xcconfig */ = {isa = PBXFileReference; includeInIndex = 1; lastKnownFileType = text.xcconfig; name = "Pods-messager-messagerUITests.release.xcconfig"; path = "Target Support Files/Pods-messager-messagerUITests/Pods-messager-messagerUITests.release.xcconfig"; sourceTree = "<group>"; };
		337A5C69036C9AA7E07E4FE0 /* Pods-messager.release.xcconfig */ = {isa = PBXFileReference; includeInIndex = 1; lastKnownFileType = text.xcconfig; name = "Pods-messager.release.xcconfig"; path = "Target Support Files/Pods-messager/Pods-messager.release.xcconfig"; sourceTree = "<group>"; };
		34FC2A0F41D1302042277615 /* Pods_messager.framework */ = {isa = PBXFileReference; explicitFileType = wrapper.framework; includeInIndex = 0; path = Pods_messager.framework; sourceTree = BUILT_PRODUCTS_DIR; };
		AA58076D4EDBAE7BA45B8AFE /* Pods-messagerTests.debug.xcconfig */ = {isa = PBXFileReference; includeInIndex = 1; lastKnownFileType = text.xcconfig; name = "Pods-messagerTests.debug.xcconfig"; path = "Target Support Files/Pods-messagerTests/Pods-messagerTests.debug.xcconfig"; sourceTree = "<group>"; };
		B88E293CC77011C4B359C720 /* Pods_messagerTests.framework */ = {isa = PBXFileReference; explicitFileType = wrapper.framework; includeInIndex = 0; path = Pods_messagerTests.framework; sourceTree = BUILT_PRODUCTS_DIR; };
		C001755C26429C2000C88DC7 /* GoogleService-Info.plist */ = {isa = PBXFileReference; fileEncoding = 4; lastKnownFileType = text.plist.xml; path = "GoogleService-Info.plist"; sourceTree = "<group>"; };
		C07BC8C626417962004A636B /* messager.app */ = {isa = PBXFileReference; explicitFileType = wrapper.application; includeInIndex = 0; path = messager.app; sourceTree = BUILT_PRODUCTS_DIR; };
		C07BC8C926417962004A636B /* AppDelegate.swift */ = {isa = PBXFileReference; lastKnownFileType = sourcecode.swift; path = AppDelegate.swift; sourceTree = "<group>"; };
		C07BC8CB26417962004A636B /* SceneDelegate.swift */ = {isa = PBXFileReference; lastKnownFileType = sourcecode.swift; path = SceneDelegate.swift; sourceTree = "<group>"; };
		C07BC8CD26417962004A636B /* LoginViewController.swift */ = {isa = PBXFileReference; lastKnownFileType = sourcecode.swift; path = LoginViewController.swift; sourceTree = "<group>"; };
		C07BC8D026417962004A636B /* Base */ = {isa = PBXFileReference; lastKnownFileType = file.storyboard; name = Base; path = Base.lproj/Main.storyboard; sourceTree = "<group>"; };
		C07BC8D226417963004A636B /* Assets.xcassets */ = {isa = PBXFileReference; lastKnownFileType = folder.assetcatalog; path = Assets.xcassets; sourceTree = "<group>"; };
		C07BC8D526417963004A636B /* Base */ = {isa = PBXFileReference; lastKnownFileType = file.storyboard; name = Base; path = Base.lproj/LaunchScreen.storyboard; sourceTree = "<group>"; };
		C07BC8D726417963004A636B /* Info.plist */ = {isa = PBXFileReference; lastKnownFileType = text.plist.xml; path = Info.plist; sourceTree = "<group>"; };
		C07BC8DC26417963004A636B /* messagerTests.xctest */ = {isa = PBXFileReference; explicitFileType = wrapper.cfbundle; includeInIndex = 0; path = messagerTests.xctest; sourceTree = BUILT_PRODUCTS_DIR; };
		C07BC8E026417963004A636B /* messagerTests.swift */ = {isa = PBXFileReference; lastKnownFileType = sourcecode.swift; path = messagerTests.swift; sourceTree = "<group>"; };
		C07BC8E226417963004A636B /* Info.plist */ = {isa = PBXFileReference; lastKnownFileType = text.plist.xml; path = Info.plist; sourceTree = "<group>"; };
		C07BC8E726417963004A636B /* messagerUITests.xctest */ = {isa = PBXFileReference; explicitFileType = wrapper.cfbundle; includeInIndex = 0; path = messagerUITests.xctest; sourceTree = BUILT_PRODUCTS_DIR; };
		C07BC8EB26417963004A636B /* messagerUITests.swift */ = {isa = PBXFileReference; lastKnownFileType = sourcecode.swift; path = messagerUITests.swift; sourceTree = "<group>"; };
		C07BC8ED26417963004A636B /* Info.plist */ = {isa = PBXFileReference; lastKnownFileType = text.plist.xml; path = Info.plist; sourceTree = "<group>"; };
		C49DC1C6BE9EC5BC5D022F99 /* Pods_messager_messagerUITests.framework */ = {isa = PBXFileReference; explicitFileType = wrapper.framework; includeInIndex = 0; path = Pods_messager_messagerUITests.framework; sourceTree = BUILT_PRODUCTS_DIR; };
		D303CA24D857C12FC0EE373D /* Pods-messager.debug.xcconfig */ = {isa = PBXFileReference; includeInIndex = 1; lastKnownFileType = text.xcconfig; name = "Pods-messager.debug.xcconfig"; path = "Target Support Files/Pods-messager/Pods-messager.debug.xcconfig"; sourceTree = "<group>"; };
		D4A6D521561D3618AFEDF3E5 /* Pods-messagerTests.release.xcconfig */ = {isa = PBXFileReference; includeInIndex = 1; lastKnownFileType = text.xcconfig; name = "Pods-messagerTests.release.xcconfig"; path = "Target Support Files/Pods-messagerTests/Pods-messagerTests.release.xcconfig"; sourceTree = "<group>"; };
		D740DE4FDF8C43F5D7D663A4 /* Pods-messager-messagerUITests.debug.xcconfig */ = {isa = PBXFileReference; includeInIndex = 1; lastKnownFileType = text.xcconfig; name = "Pods-messager-messagerUITests.debug.xcconfig"; path = "Target Support Files/Pods-messager-messagerUITests/Pods-messager-messagerUITests.debug.xcconfig"; sourceTree = "<group>"; };
/* End PBXFileReference section */

/* Begin PBXFrameworksBuildPhase section */
		C07BC8C326417962004A636B /* Frameworks */ = {
			isa = PBXFrameworksBuildPhase;
			buildActionMask = 2147483647;
			files = (
				845393D67BDD3D8487C9B60F /* Pods_messager.framework in Frameworks */,
			);
			runOnlyForDeploymentPostprocessing = 0;
		};
		C07BC8D926417963004A636B /* Frameworks */ = {
			isa = PBXFrameworksBuildPhase;
			buildActionMask = 2147483647;
			files = (
				54EDB87585F78AF44209FD8B /* Pods_messagerTests.framework in Frameworks */,
			);
			runOnlyForDeploymentPostprocessing = 0;
		};
		C07BC8E426417963004A636B /* Frameworks */ = {
			isa = PBXFrameworksBuildPhase;
			buildActionMask = 2147483647;
			files = (
				75FCD429FFB6BEBD8C4AB43A /* Pods_messager_messagerUITests.framework in Frameworks */,
			);
			runOnlyForDeploymentPostprocessing = 0;
		};
/* End PBXFrameworksBuildPhase section */

/* Begin PBXGroup section */
		62ECD7B297414C76D387F777 /* Frameworks */ = {
			isa = PBXGroup;
			children = (
				34FC2A0F41D1302042277615 /* Pods_messager.framework */,
				C49DC1C6BE9EC5BC5D022F99 /* Pods_messager_messagerUITests.framework */,
				B88E293CC77011C4B359C720 /* Pods_messagerTests.framework */,
			);
			name = Frameworks;
			sourceTree = "<group>";
		};
		7A38A7DF85C52C314B22501F /* Pods */ = {
			isa = PBXGroup;
			children = (
				D303CA24D857C12FC0EE373D /* Pods-messager.debug.xcconfig */,
				337A5C69036C9AA7E07E4FE0 /* Pods-messager.release.xcconfig */,
				D740DE4FDF8C43F5D7D663A4 /* Pods-messager-messagerUITests.debug.xcconfig */,
				305AE7615C1E1C3577E361C2 /* Pods-messager-messagerUITests.release.xcconfig */,
				AA58076D4EDBAE7BA45B8AFE /* Pods-messagerTests.debug.xcconfig */,
				D4A6D521561D3618AFEDF3E5 /* Pods-messagerTests.release.xcconfig */,
			);
			path = Pods;
			sourceTree = "<group>";
		};
		C07BC8BD26417962004A636B = {
			isa = PBXGroup;
			children = (
				C07BC8C826417962004A636B /* messager */,
				C07BC8DF26417963004A636B /* messagerTests */,
				C07BC8EA26417963004A636B /* messagerUITests */,
				C07BC8C726417962004A636B /* Products */,
				7A38A7DF85C52C314B22501F /* Pods */,
				62ECD7B297414C76D387F777 /* Frameworks */,
			);
			sourceTree = "<group>";
		};
		C07BC8C726417962004A636B /* Products */ = {
			isa = PBXGroup;
			children = (
				C07BC8C626417962004A636B /* messager.app */,
				C07BC8DC26417963004A636B /* messagerTests.xctest */,
				C07BC8E726417963004A636B /* messagerUITests.xctest */,
			);
			name = Products;
			sourceTree = "<group>";
		};
		C07BC8C826417962004A636B /* messager */ = {
			isa = PBXGroup;
			children = (
				C001755C26429C2000C88DC7 /* GoogleService-Info.plist */,
				C07BC8C926417962004A636B /* AppDelegate.swift */,
				C07BC8CB26417962004A636B /* SceneDelegate.swift */,
				C07BC8CD26417962004A636B /* LoginViewController.swift */,
				C07BC8CF26417962004A636B /* Main.storyboard */,
				C07BC8D226417963004A636B /* Assets.xcassets */,
				C07BC8D426417963004A636B /* LaunchScreen.storyboard */,
				C07BC8D726417963004A636B /* Info.plist */,
			);
			path = messager;
			sourceTree = "<group>";
		};
		C07BC8DF26417963004A636B /* messagerTests */ = {
			isa = PBXGroup;
			children = (
				C07BC8E026417963004A636B /* messagerTests.swift */,
				C07BC8E226417963004A636B /* Info.plist */,
			);
			path = messagerTests;
			sourceTree = "<group>";
		};
		C07BC8EA26417963004A636B /* messagerUITests */ = {
			isa = PBXGroup;
			children = (
				C07BC8EB26417963004A636B /* messagerUITests.swift */,
				C07BC8ED26417963004A636B /* Info.plist */,
			);
			path = messagerUITests;
			sourceTree = "<group>";
		};
/* End PBXGroup section */

/* Begin PBXNativeTarget section */
		C07BC8C526417962004A636B /* messager */ = {
			isa = PBXNativeTarget;
			buildConfigurationList = C07BC8F026417963004A636B /* Build configuration list for PBXNativeTarget "messager" */;
			buildPhases = (
				86D0032C3411D6B44ABD10EB /* [CP] Check Pods Manifest.lock */,
				C07BC8C226417962004A636B /* Sources */,
				C07BC8C326417962004A636B /* Frameworks */,
				C07BC8C426417962004A636B /* Resources */,
				F4F72ACDBA591F73C65A674A /* [CP] Embed Pods Frameworks */,
			);
			buildRules = (
			);
			dependencies = (
			);
			name = messager;
			productName = messager;
			productReference = C07BC8C626417962004A636B /* messager.app */;
			productType = "com.apple.product-type.application";
		};
		C07BC8DB26417963004A636B /* messagerTests */ = {
			isa = PBXNativeTarget;
			buildConfigurationList = C07BC8F326417963004A636B /* Build configuration list for PBXNativeTarget "messagerTests" */;
			buildPhases = (
				AB0590F72D1C5467192A5F28 /* [CP] Check Pods Manifest.lock */,
				C07BC8D826417963004A636B /* Sources */,
				C07BC8D926417963004A636B /* Frameworks */,
				C07BC8DA26417963004A636B /* Resources */,
			);
			buildRules = (
			);
			dependencies = (
				C07BC8DE26417963004A636B /* PBXTargetDependency */,
			);
			name = messagerTests;
			productName = messagerTests;
			productReference = C07BC8DC26417963004A636B /* messagerTests.xctest */;
			productType = "com.apple.product-type.bundle.unit-test";
		};
		C07BC8E626417963004A636B /* messagerUITests */ = {
			isa = PBXNativeTarget;
			buildConfigurationList = C07BC8F626417963004A636B /* Build configuration list for PBXNativeTarget "messagerUITests" */;
			buildPhases = (
				5E1ED2645631B4BA6241EC1C /* [CP] Check Pods Manifest.lock */,
				C07BC8E326417963004A636B /* Sources */,
				C07BC8E426417963004A636B /* Frameworks */,
				C07BC8E526417963004A636B /* Resources */,
				D10FAEC0B5F052B65B961776 /* [CP] Embed Pods Frameworks */,
			);
			buildRules = (
			);
			dependencies = (
				C07BC8E926417963004A636B /* PBXTargetDependency */,
			);
			name = messagerUITests;
			productName = messagerUITests;
			productReference = C07BC8E726417963004A636B /* messagerUITests.xctest */;
			productType = "com.apple.product-type.bundle.ui-testing";
		};
/* End PBXNativeTarget section */

/* Begin PBXProject section */
		C07BC8BE26417962004A636B /* Project object */ = {
			isa = PBXProject;
			attributes = {
				LastSwiftUpdateCheck = 1240;
				LastUpgradeCheck = 1240;
				TargetAttributes = {
					C07BC8C526417962004A636B = {
						CreatedOnToolsVersion = 12.4;
					};
					C07BC8DB26417963004A636B = {
						CreatedOnToolsVersion = 12.4;
						TestTargetID = C07BC8C526417962004A636B;
					};
					C07BC8E626417963004A636B = {
						CreatedOnToolsVersion = 12.4;
						TestTargetID = C07BC8C526417962004A636B;
					};
				};
			};
			buildConfigurationList = C07BC8C126417962004A636B /* Build configuration list for PBXProject "messager" */;
			compatibilityVersion = "Xcode 9.3";
			developmentRegion = en;
			hasScannedForEncodings = 0;
			knownRegions = (
				en,
				Base,
			);
			mainGroup = C07BC8BD26417962004A636B;
			productRefGroup = C07BC8C726417962004A636B /* Products */;
			projectDirPath = "";
			projectRoot = "";
			targets = (
				C07BC8C526417962004A636B /* messager */,
				C07BC8DB26417963004A636B /* messagerTests */,
				C07BC8E626417963004A636B /* messagerUITests */,
			);
		};
/* End PBXProject section */

/* Begin PBXResourcesBuildPhase section */
		C07BC8C426417962004A636B /* Resources */ = {
			isa = PBXResourcesBuildPhase;
			buildActionMask = 2147483647;
			files = (
				C07BC8D626417963004A636B /* LaunchScreen.storyboard in Resources */,
				C001755D26429C2000C88DC7 /* GoogleService-Info.plist in Resources */,
				C07BC8D326417963004A636B /* Assets.xcassets in Resources */,
				C07BC8D126417962004A636B /* Main.storyboard in Resources */,
			);
			runOnlyForDeploymentPostprocessing = 0;
		};
		C07BC8DA26417963004A636B /* Resources */ = {
			isa = PBXResourcesBuildPhase;
			buildActionMask = 2147483647;
			files = (
			);
			runOnlyForDeploymentPostprocessing = 0;
		};
		C07BC8E526417963004A636B /* Resources */ = {
			isa = PBXResourcesBuildPhase;
			buildActionMask = 2147483647;
			files = (
			);
			runOnlyForDeploymentPostprocessing = 0;
		};
/* End PBXResourcesBuildPhase section */

/* Begin PBXShellScriptBuildPhase section */
		5E1ED2645631B4BA6241EC1C /* [CP] Check Pods Manifest.lock */ = {
			isa = PBXShellScriptBuildPhase;
			buildActionMask = 2147483647;
			files = (
			);
			inputFileListPaths = (
			);
			inputPaths = (
				"${PODS_PODFILE_DIR_PATH}/Podfile.lock",
				"${PODS_ROOT}/Manifest.lock",
			);
			name = "[CP] Check Pods Manifest.lock";
			outputFileListPaths = (
			);
			outputPaths = (
				"$(DERIVED_FILE_DIR)/Pods-messager-messagerUITests-checkManifestLockResult.txt",
			);
			runOnlyForDeploymentPostprocessing = 0;
			shellPath = /bin/sh;
			shellScript = "diff \"${PODS_PODFILE_DIR_PATH}/Podfile.lock\" \"${PODS_ROOT}/Manifest.lock\" > /dev/null\nif [ $? != 0 ] ; then\n    # print error to STDERR\n    echo \"error: The sandbox is not in sync with the Podfile.lock. Run 'pod install' or update your CocoaPods installation.\" >&2\n    exit 1\nfi\n# This output is used by Xcode 'outputs' to avoid re-running this script phase.\necho \"SUCCESS\" > \"${SCRIPT_OUTPUT_FILE_0}\"\n";
			showEnvVarsInLog = 0;
		};
		86D0032C3411D6B44ABD10EB /* [CP] Check Pods Manifest.lock */ = {
			isa = PBXShellScriptBuildPhase;
			buildActionMask = 2147483647;
			files = (
			);
			inputFileListPaths = (
			);
			inputPaths = (
				"${PODS_PODFILE_DIR_PATH}/Podfile.lock",
				"${PODS_ROOT}/Manifest.lock",
			);
			name = "[CP] Check Pods Manifest.lock";
			outputFileListPaths = (
			);
			outputPaths = (
				"$(DERIVED_FILE_DIR)/Pods-messager-checkManifestLockResult.txt",
			);
			runOnlyForDeploymentPostprocessing = 0;
			shellPath = /bin/sh;
			shellScript = "diff \"${PODS_PODFILE_DIR_PATH}/Podfile.lock\" \"${PODS_ROOT}/Manifest.lock\" > /dev/null\nif [ $? != 0 ] ; then\n    # print error to STDERR\n    echo \"error: The sandbox is not in sync with the Podfile.lock. Run 'pod install' or update your CocoaPods installation.\" >&2\n    exit 1\nfi\n# This output is used by Xcode 'outputs' to avoid re-running this script phase.\necho \"SUCCESS\" > \"${SCRIPT_OUTPUT_FILE_0}\"\n";
			showEnvVarsInLog = 0;
		};
		AB0590F72D1C5467192A5F28 /* [CP] Check Pods Manifest.lock */ = {
			isa = PBXShellScriptBuildPhase;
			buildActionMask = 2147483647;
			files = (
			);
			inputFileListPaths = (
			);
			inputPaths = (
				"${PODS_PODFILE_DIR_PATH}/Podfile.lock",
				"${PODS_ROOT}/Manifest.lock",
			);
			name = "[CP] Check Pods Manifest.lock";
			outputFileListPaths = (
			);
			outputPaths = (
				"$(DERIVED_FILE_DIR)/Pods-messagerTests-checkManifestLockResult.txt",
			);
			runOnlyForDeploymentPostprocessing = 0;
			shellPath = /bin/sh;
			shellScript = "diff \"${PODS_PODFILE_DIR_PATH}/Podfile.lock\" \"${PODS_ROOT}/Manifest.lock\" > /dev/null\nif [ $? != 0 ] ; then\n    # print error to STDERR\n    echo \"error: The sandbox is not in sync with the Podfile.lock. Run 'pod install' or update your CocoaPods installation.\" >&2\n    exit 1\nfi\n# This output is used by Xcode 'outputs' to avoid re-running this script phase.\necho \"SUCCESS\" > \"${SCRIPT_OUTPUT_FILE_0}\"\n";
			showEnvVarsInLog = 0;
		};
		D10FAEC0B5F052B65B961776 /* [CP] Embed Pods Frameworks */ = {
			isa = PBXShellScriptBuildPhase;
			buildActionMask = 2147483647;
			files = (
			);
			inputFileListPaths = (
				"${PODS_ROOT}/Target Support Files/Pods-messager-messagerUITests/Pods-messager-messagerUITests-frameworks-${CONFIGURATION}-input-files.xcfilelist",
			);
			name = "[CP] Embed Pods Frameworks";
			outputFileListPaths = (
				"${PODS_ROOT}/Target Support Files/Pods-messager-messagerUITests/Pods-messager-messagerUITests-frameworks-${CONFIGURATION}-output-files.xcfilelist",
			);
			runOnlyForDeploymentPostprocessing = 0;
			shellPath = /bin/sh;
			shellScript = "\"${PODS_ROOT}/Target Support Files/Pods-messager-messagerUITests/Pods-messager-messagerUITests-frameworks.sh\"\n";
			showEnvVarsInLog = 0;
		};
		F4F72ACDBA591F73C65A674A /* [CP] Embed Pods Frameworks */ = {
			isa = PBXShellScriptBuildPhase;
			buildActionMask = 2147483647;
			files = (
			);
			inputFileListPaths = (
				"${PODS_ROOT}/Target Support Files/Pods-messager/Pods-messager-frameworks-${CONFIGURATION}-input-files.xcfilelist",
			);
			name = "[CP] Embed Pods Frameworks";
			outputFileListPaths = (
				"${PODS_ROOT}/Target Support Files/Pods-messager/Pods-messager-frameworks-${CONFIGURATION}-output-files.xcfilelist",
			);
			runOnlyForDeploymentPostprocessing = 0;
			shellPath = /bin/sh;
			shellScript = "\"${PODS_ROOT}/Target Support Files/Pods-messager/Pods-messager-frameworks.sh\"\n";
			showEnvVarsInLog = 0;
		};
/* End PBXShellScriptBuildPhase section */

/* Begin PBXSourcesBuildPhase section */
		C07BC8C226417962004A636B /* Sources */ = {
			isa = PBXSourcesBuildPhase;
			buildActionMask = 2147483647;
			files = (
				C07BC8CE26417962004A636B /* LoginViewController.swift in Sources */,
				C07BC8CA26417962004A636B /* AppDelegate.swift in Sources */,
				C07BC8CC26417962004A636B /* SceneDelegate.swift in Sources */,
			);
			runOnlyForDeploymentPostprocessing = 0;
		};
		C07BC8D826417963004A636B /* Sources */ = {
			isa = PBXSourcesBuildPhase;
			buildActionMask = 2147483647;
			files = (
				C07BC8E126417963004A636B /* messagerTests.swift in Sources */,
			);
			runOnlyForDeploymentPostprocessing = 0;
		};
		C07BC8E326417963004A636B /* Sources */ = {
			isa = PBXSourcesBuildPhase;
			buildActionMask = 2147483647;
			files = (
				C07BC8EC26417963004A636B /* messagerUITests.swift in Sources */,
			);
			runOnlyForDeploymentPostprocessing = 0;
		};
/* End PBXSourcesBuildPhase section */

/* Begin PBXTargetDependency section */
		C07BC8DE26417963004A636B /* PBXTargetDependency */ = {
			isa = PBXTargetDependency;
			target = C07BC8C526417962004A636B /* messager */;
			targetProxy = C07BC8DD26417963004A636B /* PBXContainerItemProxy */;
		};
		C07BC8E926417963004A636B /* PBXTargetDependency */ = {
			isa = PBXTargetDependency;
			target = C07BC8C526417962004A636B /* messager */;
			targetProxy = C07BC8E826417963004A636B /* PBXContainerItemProxy */;
		};
/* End PBXTargetDependency section */

/* Begin PBXVariantGroup section */
		C07BC8CF26417962004A636B /* Main.storyboard */ = {
			isa = PBXVariantGroup;
			children = (
				C07BC8D026417962004A636B /* Base */,
			);
			name = Main.storyboard;
			sourceTree = "<group>";
		};
		C07BC8D426417963004A636B /* LaunchScreen.storyboard */ = {
			isa = PBXVariantGroup;
			children = (
				C07BC8D526417963004A636B /* Base */,
			);
			name = LaunchScreen.storyboard;
			sourceTree = "<group>";
		};
/* End PBXVariantGroup section */

/* Begin XCBuildConfiguration section */
		C07BC8EE26417963004A636B /* Debug */ = {
			isa = XCBuildConfiguration;
			buildSettings = {
				ALWAYS_SEARCH_USER_PATHS = NO;
				CLANG_ANALYZER_NONNULL = YES;
				CLANG_ANALYZER_NUMBER_OBJECT_CONVERSION = YES_AGGRESSIVE;
				CLANG_CXX_LANGUAGE_STANDARD = "gnu++14";
				CLANG_CXX_LIBRARY = "libc++";
				CLANG_ENABLE_MODULES = YES;
				CLANG_ENABLE_OBJC_ARC = YES;
				CLANG_ENABLE_OBJC_WEAK = YES;
				CLANG_WARN_BLOCK_CAPTURE_AUTORELEASING = YES;
				CLANG_WARN_BOOL_CONVERSION = YES;
				CLANG_WARN_COMMA = YES;
				CLANG_WARN_CONSTANT_CONVERSION = YES;
				CLANG_WARN_DEPRECATED_OBJC_IMPLEMENTATIONS = YES;
				CLANG_WARN_DIRECT_OBJC_ISA_USAGE = YES_ERROR;
				CLANG_WARN_DOCUMENTATION_COMMENTS = YES;
				CLANG_WARN_EMPTY_BODY = YES;
				CLANG_WARN_ENUM_CONVERSION = YES;
				CLANG_WARN_INFINITE_RECURSION = YES;
				CLANG_WARN_INT_CONVERSION = YES;
				CLANG_WARN_NON_LITERAL_NULL_CONVERSION = YES;
				CLANG_WARN_OBJC_IMPLICIT_RETAIN_SELF = YES;
				CLANG_WARN_OBJC_LITERAL_CONVERSION = YES;
				CLANG_WARN_OBJC_ROOT_CLASS = YES_ERROR;
				CLANG_WARN_QUOTED_INCLUDE_IN_FRAMEWORK_HEADER = YES;
				CLANG_WARN_RANGE_LOOP_ANALYSIS = YES;
				CLANG_WARN_STRICT_PROTOTYPES = YES;
				CLANG_WARN_SUSPICIOUS_MOVE = YES;
				CLANG_WARN_UNGUARDED_AVAILABILITY = YES_AGGRESSIVE;
				CLANG_WARN_UNREACHABLE_CODE = YES;
				CLANG_WARN__DUPLICATE_METHOD_MATCH = YES;
				COPY_PHASE_STRIP = NO;
				DEBUG_INFORMATION_FORMAT = dwarf;
				ENABLE_STRICT_OBJC_MSGSEND = YES;
				ENABLE_TESTABILITY = YES;
				GCC_C_LANGUAGE_STANDARD = gnu11;
				GCC_DYNAMIC_NO_PIC = NO;
				GCC_NO_COMMON_BLOCKS = YES;
				GCC_OPTIMIZATION_LEVEL = 0;
				GCC_PREPROCESSOR_DEFINITIONS = (
					"DEBUG=1",
					"$(inherited)",
				);
				GCC_WARN_64_TO_32_BIT_CONVERSION = YES;
				GCC_WARN_ABOUT_RETURN_TYPE = YES_ERROR;
				GCC_WARN_UNDECLARED_SELECTOR = YES;
				GCC_WARN_UNINITIALIZED_AUTOS = YES_AGGRESSIVE;
				GCC_WARN_UNUSED_FUNCTION = YES;
				GCC_WARN_UNUSED_VARIABLE = YES;
				IPHONEOS_DEPLOYMENT_TARGET = 14.4;
				MTL_ENABLE_DEBUG_INFO = INCLUDE_SOURCE;
				MTL_FAST_MATH = YES;
				ONLY_ACTIVE_ARCH = YES;
				SDKROOT = iphoneos;
				SWIFT_ACTIVE_COMPILATION_CONDITIONS = DEBUG;
				SWIFT_OPTIMIZATION_LEVEL = "-Onone";
			};
			name = Debug;
		};
		C07BC8EF26417963004A636B /* Release */ = {
			isa = XCBuildConfiguration;
			buildSettings = {
				ALWAYS_SEARCH_USER_PATHS = NO;
				CLANG_ANALYZER_NONNULL = YES;
				CLANG_ANALYZER_NUMBER_OBJECT_CONVERSION = YES_AGGRESSIVE;
				CLANG_CXX_LANGUAGE_STANDARD = "gnu++14";
				CLANG_CXX_LIBRARY = "libc++";
				CLANG_ENABLE_MODULES = YES;
				CLANG_ENABLE_OBJC_ARC = YES;
				CLANG_ENABLE_OBJC_WEAK = YES;
				CLANG_WARN_BLOCK_CAPTURE_AUTORELEASING = YES;
				CLANG_WARN_BOOL_CONVERSION = YES;
				CLANG_WARN_COMMA = YES;
				CLANG_WARN_CONSTANT_CONVERSION = YES;
				CLANG_WARN_DEPRECATED_OBJC_IMPLEMENTATIONS = YES;
				CLANG_WARN_DIRECT_OBJC_ISA_USAGE = YES_ERROR;
				CLANG_WARN_DOCUMENTATION_COMMENTS = YES;
				CLANG_WARN_EMPTY_BODY = YES;
				CLANG_WARN_ENUM_CONVERSION = YES;
				CLANG_WARN_INFINITE_RECURSION = YES;
				CLANG_WARN_INT_CONVERSION = YES;
				CLANG_WARN_NON_LITERAL_NULL_CONVERSION = YES;
				CLANG_WARN_OBJC_IMPLICIT_RETAIN_SELF = YES;
				CLANG_WARN_OBJC_LITERAL_CONVERSION = YES;
				CLANG_WARN_OBJC_ROOT_CLASS = YES_ERROR;
				CLANG_WARN_QUOTED_INCLUDE_IN_FRAMEWORK_HEADER = YES;
				CLANG_WARN_RANGE_LOOP_ANALYSIS = YES;
				CLANG_WARN_STRICT_PROTOTYPES = YES;
				CLANG_WARN_SUSPICIOUS_MOVE = YES;
				CLANG_WARN_UNGUARDED_AVAILABILITY = YES_AGGRESSIVE;
				CLANG_WARN_UNREACHABLE_CODE = YES;
				CLANG_WARN__DUPLICATE_METHOD_MATCH = YES;
				COPY_PHASE_STRIP = NO;
				DEBUG_INFORMATION_FORMAT = "dwarf-with-dsym";
				ENABLE_NS_ASSERTIONS = NO;
				ENABLE_STRICT_OBJC_MSGSEND = YES;
				GCC_C_LANGUAGE_STANDARD = gnu11;
				GCC_NO_COMMON_BLOCKS = YES;
				GCC_WARN_64_TO_32_BIT_CONVERSION = YES;
				GCC_WARN_ABOUT_RETURN_TYPE = YES_ERROR;
				GCC_WARN_UNDECLARED_SELECTOR = YES;
				GCC_WARN_UNINITIALIZED_AUTOS = YES_AGGRESSIVE;
				GCC_WARN_UNUSED_FUNCTION = YES;
				GCC_WARN_UNUSED_VARIABLE = YES;
				IPHONEOS_DEPLOYMENT_TARGET = 14.4;
				MTL_ENABLE_DEBUG_INFO = NO;
				MTL_FAST_MATH = YES;
				SDKROOT = iphoneos;
				SWIFT_COMPILATION_MODE = wholemodule;
				SWIFT_OPTIMIZATION_LEVEL = "-O";
				VALIDATE_PRODUCT = YES;
			};
			name = Release;
		};
		C07BC8F126417963004A636B /* Debug */ = {
			isa = XCBuildConfiguration;
			baseConfigurationReference = D303CA24D857C12FC0EE373D /* Pods-messager.debug.xcconfig */;
			buildSettings = {
				ASSETCATALOG_COMPILER_APPICON_NAME = AppIcon;
				ASSETCATALOG_COMPILER_GLOBAL_ACCENT_COLOR_NAME = AccentColor;
				CODE_SIGN_STYLE = Automatic;
				INFOPLIST_FILE = messager/Info.plist;
				LD_RUNPATH_SEARCH_PATHS = (
					"$(inherited)",
					"@executable_path/Frameworks",
				);
				PRODUCT_BUNDLE_IDENTIFIER = com.erdal.messager;
				PRODUCT_NAME = "$(TARGET_NAME)";
				SWIFT_VERSION = 5.0;
				TARGETED_DEVICE_FAMILY = "1,2";
			};
			name = Debug;
		};
		C07BC8F226417963004A636B /* Release */ = {
			isa = XCBuildConfiguration;
			baseConfigurationReference = 337A5C69036C9AA7E07E4FE0 /* Pods-messager.release.xcconfig */;
			buildSettings = {
				ASSETCATALOG_COMPILER_APPICON_NAME = AppIcon;
				ASSETCATALOG_COMPILER_GLOBAL_ACCENT_COLOR_NAME = AccentColor;
				CODE_SIGN_STYLE = Automatic;
				INFOPLIST_FILE = messager/Info.plist;
				LD_RUNPATH_SEARCH_PATHS = (
					"$(inherited)",
					"@executable_path/Frameworks",
				);
				PRODUCT_BUNDLE_IDENTIFIER = com.erdal.messager;
				PRODUCT_NAME = "$(TARGET_NAME)";
				SWIFT_VERSION = 5.0;
				TARGETED_DEVICE_FAMILY = "1,2";
			};
			name = Release;
		};
		C07BC8F426417963004A636B /* Debug */ = {
			isa = XCBuildConfiguration;
			baseConfigurationReference = AA58076D4EDBAE7BA45B8AFE /* Pods-messagerTests.debug.xcconfig */;
			buildSettings = {
				ALWAYS_EMBED_SWIFT_STANDARD_LIBRARIES = YES;
				BUNDLE_LOADER = "$(TEST_HOST)";
				CODE_SIGN_STYLE = Automatic;
				INFOPLIST_FILE = messagerTests/Info.plist;
				IPHONEOS_DEPLOYMENT_TARGET = 14.4;
				LD_RUNPATH_SEARCH_PATHS = (
					"$(inherited)",
					"@executable_path/Frameworks",
					"@loader_path/Frameworks",
				);
				PRODUCT_BUNDLE_IDENTIFIER = com.erdal.messagerTests;
				PRODUCT_NAME = "$(TARGET_NAME)";
				SWIFT_VERSION = 5.0;
				TARGETED_DEVICE_FAMILY = "1,2";
				TEST_HOST = "$(BUILT_PRODUCTS_DIR)/messager.app/messager";
			};
			name = Debug;
		};
		C07BC8F526417963004A636B /* Release */ = {
			isa = XCBuildConfiguration;
			baseConfigurationReference = D4A6D521561D3618AFEDF3E5 /* Pods-messagerTests.release.xcconfig */;
			buildSettings = {
				ALWAYS_EMBED_SWIFT_STANDARD_LIBRARIES = YES;
				BUNDLE_LOADER = "$(TEST_HOST)";
				CODE_SIGN_STYLE = Automatic;
				INFOPLIST_FILE = messagerTests/Info.plist;
				IPHONEOS_DEPLOYMENT_TARGET = 14.4;
				LD_RUNPATH_SEARCH_PATHS = (
					"$(inherited)",
					"@executable_path/Frameworks",
					"@loader_path/Frameworks",
				);
				PRODUCT_BUNDLE_IDENTIFIER = com.erdal.messagerTests;
				PRODUCT_NAME = "$(TARGET_NAME)";
				SWIFT_VERSION = 5.0;
				TARGETED_DEVICE_FAMILY = "1,2";
				TEST_HOST = "$(BUILT_PRODUCTS_DIR)/messager.app/messager";
			};
			name = Release;
		};
		C07BC8F726417963004A636B /* Debug */ = {
			isa = XCBuildConfiguration;
			baseConfigurationReference = D740DE4FDF8C43F5D7D663A4 /* Pods-messager-messagerUITests.debug.xcconfig */;
			buildSettings = {
				ALWAYS_EMBED_SWIFT_STANDARD_LIBRARIES = YES;
				CODE_SIGN_STYLE = Automatic;
				INFOPLIST_FILE = messagerUITests/Info.plist;
				LD_RUNPATH_SEARCH_PATHS = (
					"$(inherited)",
					"@executable_path/Frameworks",
					"@loader_path/Frameworks",
				);
				PRODUCT_BUNDLE_IDENTIFIER = com.erdal.messagerUITests;
				PRODUCT_NAME = "$(TARGET_NAME)";
				SWIFT_VERSION = 5.0;
				TARGETED_DEVICE_FAMILY = "1,2";
				TEST_TARGET_NAME = messager;
			};
			name = Debug;
		};
		C07BC8F826417963004A636B /* Release */ = {
			isa = XCBuildConfiguration;
			baseConfigurationReference = 305AE7615C1E1C3577E361C2 /* Pods-messager-messagerUITests.release.xcconfig */;
			buildSettings = {
				ALWAYS_EMBED_SWIFT_STANDARD_LIBRARIES = YES;
				CODE_SIGN_STYLE = Automatic;
				INFOPLIST_FILE = messagerUITests/Info.plist;
				LD_RUNPATH_SEARCH_PATHS = (
					"$(inherited)",
					"@executable_path/Frameworks",
					"@loader_path/Frameworks",
				);
				PRODUCT_BUNDLE_IDENTIFIER = com.erdal.messagerUITests;
				PRODUCT_NAME = "$(TARGET_NAME)";
				SWIFT_VERSION = 5.0;
				TARGETED_DEVICE_FAMILY = "1,2";
				TEST_TARGET_NAME = messager;
			};
			name = Release;
		};
/* End XCBuildConfiguration section */

/* Begin XCConfigurationList section */
		C07BC8C126417962004A636B /* Build configuration list for PBXProject "messager" */ = {
			isa = XCConfigurationList;
			buildConfigurations = (
				C07BC8EE26417963004A636B /* Debug */,
				C07BC8EF26417963004A636B /* Release */,
			);
			defaultConfigurationIsVisible = 0;
			defaultConfigurationName = Release;
		};
		C07BC8F026417963004A636B /* Build configuration list for PBXNativeTarget "messager" */ = {
			isa = XCConfigurationList;
			buildConfigurations = (
				C07BC8F126417963004A636B /* Debug */,
				C07BC8F226417963004A636B /* Release */,
			);
			defaultConfigurationIsVisible = 0;
			defaultConfigurationName = Release;
		};
		C07BC8F326417963004A636B /* Build configuration list for PBXNativeTarget "messagerTests" */ = {
			isa = XCConfigurationList;
			buildConfigurations = (
				C07BC8F426417963004A636B /* Debug */,
				C07BC8F526417963004A636B /* Release */,
			);
			defaultConfigurationIsVisible = 0;
			defaultConfigurationName = Release;
		};
		C07BC8F626417963004A636B /* Build configuration list for PBXNativeTarget "messagerUITests" */ = {
			isa = XCConfigurationList;
			buildConfigurations = (
				C07BC8F726417963004A636B /* Debug */,
				C07BC8F826417963004A636B /* Release */,
			);
			defaultConfigurationIsVisible = 0;
			defaultConfigurationName = Release;
		};
/* End XCConfigurationList section */
	};
	rootObject = C07BC8BE26417962004A636B /* Project object */;
}
